
Microsoft Visual Studio Solution File, Format Version 12.00
# Visual Studio Version 17
VisualStudioVersion = 17.7.34202.233
MinimumVisualStudioVersion = 10.0.40219.1
Project("{9A19103F-16F7-4668-BE54-9A1E7A4F7556}") = "Configuracion-ms", "configuracion-ms\Configuracion-ms.csproj", "{9153DB98-8AF4-4A67-A270-88DF9F135222}"
EndProject
Project("{FAE04EC0-301F-11D3-BF4B-00C04F79EFBC}") = "Application", "Application\Application.csproj", "{5D5E2E36-05CE-4D9A-A399-E0061716DA07}"
EndProject
Project("{FAE04EC0-301F-11D3-BF4B-00C04F79EFBC}") = "Domain", "Domain\Domain.csproj", "{07CA2332-0010-401A-86F3-2BF36D8629D5}"
EndProject
Project("{FAE04EC0-301F-11D3-BF4B-00C04F79EFBC}") = "Infrastructure", "Infrastructure\Infrastructure.csproj", "{4A5382A4-7305-4FCD-BD9B-0A3B4882F4D7}"
EndProject
Global
	GlobalSection(SolutionConfigurationPlatforms) = preSolution
		Debug|Any CPU = Debug|Any CPU
		Release|Any CPU = Release|Any CPU
	EndGlobalSection
	GlobalSection(ProjectConfigurationPlatforms) = postSolution
		{9153DB98-8AF4-4A67-A270-88DF9F135222}.Debug|Any CPU.ActiveCfg = Debug|Any CPU
		{9153DB98-8AF4-4A67-A270-88DF9F135222}.Debug|Any CPU.Build.0 = Debug|Any CPU
		{9153DB98-8AF4-4A67-A270-88DF9F135222}.Release|Any CPU.ActiveCfg = Release|Any CPU
		{9153DB98-8AF4-4A67-A270-88DF9F135222}.Release|Any CPU.Build.0 = Release|Any CPU
		{5D5E2E36-05CE-4D9A-A399-E0061716DA07}.Debug|Any CPU.ActiveCfg = Debug|Any CPU
		{5D5E2E36-05CE-4D9A-A399-E0061716DA07}.Debug|Any CPU.Build.0 = Debug|Any CPU
		{5D5E2E36-05CE-4D9A-A399-E0061716DA07}.Release|Any CPU.ActiveCfg = Release|Any CPU
		{5D5E2E36-05CE-4D9A-A399-E0061716DA07}.Release|Any CPU.Build.0 = Release|Any CPU
		{07CA2332-0010-401A-86F3-2BF36D8629D5}.Debug|Any CPU.ActiveCfg = Debug|Any CPU
		{07CA2332-0010-401A-86F3-2BF36D8629D5}.Debug|Any CPU.Build.0 = Debug|Any CPU
		{07CA2332-0010-401A-86F3-2BF36D8629D5}.Release|Any CPU.ActiveCfg = Release|Any CPU
		{07CA2332-0010-401A-86F3-2BF36D8629D5}.Release|Any CPU.Build.0 = Release|Any CPU
		{4A5382A4-7305-4FCD-BD9B-0A3B4882F4D7}.Debug|Any CPU.ActiveCfg = Debug|Any CPU
		{4A5382A4-7305-4FCD-BD9B-0A3B4882F4D7}.Debug|Any CPU.Build.0 = Debug|Any CPU
		{4A5382A4-7305-4FCD-BD9B-0A3B4882F4D7}.Release|Any CPU.ActiveCfg = Release|Any CPU
		{4A5382A4-7305-4FCD-BD9B-0A3B4882F4D7}.Release|Any CPU.Build.0 = Release|Any CPU
	EndGlobalSection
	GlobalSection(SolutionProperties) = preSolution
		HideSolutionNode = FALSE
	EndGlobalSection
	GlobalSection(ExtensibilityGlobals) = postSolution
		SolutionGuid = {10F56297-9D6F-4199-9465-112479445838}
	EndGlobalSection
EndGlobal
